
Microsoft Visual Studio Solution File, Format Version 12.00
# Visual Studio Version 16
VisualStudioVersion = 16.0.30320.27
MinimumVisualStudioVersion = 10.0.40219.1
Project("{9A19103F-16F7-4668-BE54-9A1E7A4F7556}") = "LeaderElection", "LeaderElection\LeaderElection.csproj", "{57B9B805-9DCF-4FEA-AAE1-486AFAE60EE0}"
EndProject
Project("{FAE04EC0-301F-11D3-BF4B-00C04F79EFBC}") = "Server", "Server\Server.csproj", "{32BA19E2-EFEF-4F28-99A4-546D2ADF2862}"
EndProject
Global
	GlobalSection(SolutionConfigurationPlatforms) = preSolution
		Debug|Any CPU = Debug|Any CPU
		Release|Any CPU = Release|Any CPU
	EndGlobalSection
	GlobalSection(ProjectConfigurationPlatforms) = postSolution
		{57B9B805-9DCF-4FEA-AAE1-486AFAE60EE0}.Debug|Any CPU.ActiveCfg = Debug|Any CPU
		{57B9B805-9DCF-4FEA-AAE1-486AFAE60EE0}.Debug|Any CPU.Build.0 = Debug|Any CPU
		{57B9B805-9DCF-4FEA-AAE1-486AFAE60EE0}.Release|Any CPU.ActiveCfg = Release|Any CPU
		{57B9B805-9DCF-4FEA-AAE1-486AFAE60EE0}.Release|Any CPU.Build.0 = Release|Any CPU
		{32BA19E2-EFEF-4F28-99A4-546D2ADF2862}.Debug|Any CPU.ActiveCfg = Debug|Any CPU
		{32BA19E2-EFEF-4F28-99A4-546D2ADF2862}.Debug|Any CPU.Build.0 = Debug|Any CPU
		{32BA19E2-EFEF-4F28-99A4-546D2ADF2862}.Release|Any CPU.ActiveCfg = Release|Any CPU
		{32BA19E2-EFEF-4F28-99A4-546D2ADF2862}.Release|Any CPU.Build.0 = Release|Any CPU
	EndGlobalSection
	GlobalSection(SolutionProperties) = preSolution
		HideSolutionNode = FALSE
	EndGlobalSection
	GlobalSection(ExtensibilityGlobals) = postSolution
		SolutionGuid = {3703125C-F8D5-4C46-ACF4-6CCE3548E05E}
	EndGlobalSection
EndGlobal
